Microsoft Visual Studio Solution File, Format Version 8.00
Project("{6021F4C0-62D6-4BDA-8A89-4D7F5EB4B402}") = "rogie", "rogie.pythonproj", "{F5240F06-4DA5-496E-9C77-97EAFC9BDCC3}"
	ProjectSection(ProjectDependencies) = postProject
	EndProjectSection
EndProject
Global
	GlobalSection(SolutionConfiguration) = preSolution
		Debug = Debug
		Release = Release
	EndGlobalSection
	GlobalSection(ProjectConfiguration) = postSolution
		{F5240F06-4DA5-496E-9C77-97EAFC9BDCC3}.Debug.ActiveCfg = Debug
		{F5240F06-4DA5-496E-9C77-97EAFC9BDCC3}.Release.ActiveCfg = Release
	EndGlobalSection
	GlobalSection(SolutionItems) = postSolution
		create.sql = create.sql
		rogie.cfg = rogie.cfg
		rogie.cfg.in = rogie.cfg.in
	EndGlobalSection
	GlobalSection(ExtensibilityGlobals) = postSolution
	EndGlobalSection
	GlobalSection(ExtensibilityAddIns) = postSolution
	EndGlobalSection
EndGlobal
